{
      "name": "send-contact-email-function",
      "version": "1.0.0",
      "lockfileVersion": 3,
      "requires": true,
      "packages": {
            "": {
                  "name": "send-contact-email-function",
                  "version": "1.0.0",
                  "license": "ISC",
                  "dependencies": {
                        "nodemailer": "^6.9.14",
                        "querystring": "^0.2.1"
                  }
            },
            "node_modules/nodemailer": {
                  "version": "6.10.1",
                  "resolved": "https://registry.npmjs.org/nodemailer/-/nodemailer-6.10.1.tgz",
                  "integrity": "sha512-Z+iLaBGVaSjbIzQ4pX6XV41HrooLsQ10ZWPUehGmuantvzWoDVBnmsdUcOIDM1t+yPor5pDhVlDESgOMEGxhHA==",
                  "license": "MIT-0",
                  "engines": {
                        "node": ">=6.0.0"
                  }
            },
            "node_modules/querystring": {
                  "version": "0.2.1",
                  "resolved": "https://registry.npmjs.org/querystring/-/querystring-0.2.1.tgz",
                  "integrity": "sha512-wkvS7mL/JMugcup3/rMitHmd9ecIGd2lhFhK9N3UUQ450h66d1r3Y9nvXzQAW1Lq+wyx61k/1pfKS5KuKiyEbg==",
                  "deprecated": "The querystring API is considered Legacy. new code should use the URLSearchParams API instead.",
                  "license": "MIT",
                  "engines": {
                        "node": ">=0.4.x"
                  }
            }
      }
}
